
Microsoft Visual Studio Solution File, Format Version 12.00
# Visual Studio Version 17
VisualStudioVersion = 17.7.34031.279
MinimumVisualStudioVersion = 10.0.40219.1
Project("{FAE04EC0-301F-11D3-BF4B-00C04F79EFBC}") = "Giua#6", "Giua#6\Giua#6.csproj", "{578CEA52-E828-447E-B903-88575CB4F054}"
EndProject
Global
	GlobalSection(SolutionConfigurationPlatforms) = preSolution
		Debug|Any CPU = Debug|Any CPU
		Release|Any CPU = Release|Any CPU
	EndGlobalSection
	GlobalSection(ProjectConfigurationPlatforms) = postSolution
		{578CEA52-E828-447E-B903-88575CB4F054}.Debug|Any CPU.ActiveCfg = Debug|Any CPU
		{578CEA52-E828-447E-B903-88575CB4F054}.Debug|Any CPU.Build.0 = Debug|Any CPU
		{578CEA52-E828-447E-B903-88575CB4F054}.Release|Any CPU.ActiveCfg = Release|Any CPU
		{578CEA52-E828-447E-B903-88575CB4F054}.Release|Any CPU.Build.0 = Release|Any CPU
	EndGlobalSection
	GlobalSection(SolutionProperties) = preSolution
		HideSolutionNode = FALSE
	EndGlobalSection
	GlobalSection(ExtensibilityGlobals) = postSolution
		SolutionGuid = {830B9F50-A2D1-4CCB-A647-DE6C2E41BFA9}
	EndGlobalSection
EndGlobal
